PODS:
  - Firebase/CoreOnly (11.5.0):
    - FirebaseCore (= 11.5.0)
  - Firebase/Messaging (11.5.0):
    - Firebase/CoreOnly
    - FirebaseMessaging (~> 11.5.0)
  - firebase_core (4.2.1):
    - Firebase/CoreOnly (= 11.5.0)
    - Flutter
  - firebase_messaging (16.0.4):
    - Firebase/Messaging (= 11.5.0)
    - firebase_core
    - Flutter
  - FirebaseCore (11.5.0):
    - FirebaseCoreInternal (= 11.5)
    - GoogleUtilities/Environment (~> 8.0)
    - GoogleUtilities/Logger (~> 8.0)
  - FirebaseCoreInternal (11.5.0):
    - "GoogleUtilities/NSData+zlib (~> 8.0)"
  - FirebaseInstallations (11.5.0):
    - FirebaseCore (= 11.5)
    - GoogleUtilities/Environment (~> 8.0)
    - GoogleUtilities/UserDefaults (~> 8.0)
    - PromisesObjC (~> 2.4)
  - FirebaseMessaging (11.5.0):
    - FirebaseCore (= 11.5)
    - FirebaseInstallations (~> 11.0)
    - GoogleDataTransport (~> 10.0)
    - GoogleUtilities/AppDelegateSwizzler (~> 8.0)
    - GoogleUtilities/Environment (~> 8.0)
    - GoogleUtilities/Reachability (~> 8.0)
    - GoogleUtilities/UserDefaults (~> 8.0)
    - nanopb (~> 3.30910.0)
  - Flutter (3.13.0)
  - flutter_local_notifications (0.0.1):
    - Flutter
  - geocoding_ios (1.0.5):
    - Flutter
  - geolocator_apple (1.2.0):
    - Flutter
  - google_maps_flutter_ios (0.0.1):
    - Flutter
    - GoogleMaps (< 9.0)
  - google_mlkit_commons (0.11.0):
    - Flutter
    - MLKitVision
  - google_mlkit_translation (0.13.0):
    - Flutter
    - google_mlkit_commons
    - GoogleMLKit/Translate (~> 7.0.0)
  - GoogleDataTransport (10.1.0):
    - nanopb (~> 3.30910.0)
    - PromisesObjC (~> 2.4)
  - GoogleMaps (8.4.0):
    - GoogleMaps/Maps (= 8.4.0)
  - GoogleMaps/Base (8.4.0)
  - GoogleMaps/Maps (8.4.0):
    - GoogleMaps/Base
  - GoogleMLKit/MLKitCore (7.0.0):
    - MLKitCommon (~> 12.0.0)
  - GoogleMLKit/Translate (7.0.0):
    - GoogleMLKit/MLKitCore
    - MLKitTranslate (~> 6.0.0)
  - GoogleToolboxForMac/Defines (4.2.1)
  - GoogleToolboxForMac/Logger (4.2.1):
    - GoogleToolboxForMac/Defines (= 4.2.1)
  - "GoogleToolboxForMac/NSData+zlib (4.2.1)":
    - GoogleToolboxForMac/Defines (= 4.2.1)
  - GoogleToolboxForMac/StringEncoding (4.2.1):
    - GoogleToolboxForMac/Defines (= 4.2.1)
  - GoogleUtilities/AppDelegateSwizzler (8.1.0):
    - GoogleUtilities/Environment
    - GoogleUtilities/Logger
    - GoogleUtilities/Network
    - GoogleUtilities/Privacy
  - GoogleUtilities/Environment (8.1.0):
    - GoogleUtilities/Privacy
  - GoogleUtilities/Logger (8.1.0):
    - GoogleUtilities/Environment
    - GoogleUtilities/Privacy
  - GoogleUtilities/Network (8.1.0):
    - GoogleUtilities/Logger
    - "GoogleUtilities/NSData+zlib"
    - GoogleUtilities/Privacy
    - GoogleUtilities/Reachability
  - "GoogleUtilities/NSData+zlib (8.1.0)":
    - GoogleUtilities/Privacy
  - GoogleUtilities/Privacy (8.1.0)
  - GoogleUtilities/Reachability (8.1.0):
    - GoogleUtilities/Logger
    - GoogleUtilities/Privacy
  - GoogleUtilities/UserDefaults (8.1.0):
    - GoogleUtilities/Logger
    - GoogleUtilities/Privacy
  - GTMSessionFetcher/Core (3.5.0)
  - integration_test (0.0.1):
    - Flutter
  - MLImage (1.0.0-beta6)
  - MLKitCommon (12.0.0):
    - GoogleDataTransport (~> 10.0)
    - GoogleToolboxForMac/Logger (< 5.0, >= 4.2.1)
    - "GoogleToolboxForMac/NSData+zlib (< 5.0, >= 4.2.1)"
    - GoogleUtilities/Logger (~> 8.0)
    - GoogleUtilities/UserDefaults (~> 8.0)
    - GTMSessionFetcher/Core (< 4.0, >= 3.3.2)
  - MLKitNaturalLanguage (8.0.0):
    - GoogleToolboxForMac/Logger (< 5.0, >= 4.2.1)
    - "GoogleToolboxForMac/NSData+zlib (< 5.0, >= 4.2.1)"
    - GoogleToolboxForMac/StringEncoding (< 5.0, >= 4.2.1)
    - GTMSessionFetcher/Core (< 4.0, >= 3.3.2)
    - MLKitCommon (~> 12.0)
  - MLKitTranslate (6.0.0):
    - MLKitNaturalLanguage (~> 8.0)
    - SSZipArchive (< 3.0, >= 2.5.5)
  - MLKitVision (8.0.0):
    - GoogleToolboxForMac/Logger (< 5.0, >= 4.2.1)
    - "GoogleToolboxForMac/NSData+zlib (< 5.0, >= 4.2.1)"
    - GTMSessionFetcher/Core (< 4.0, >= 3.3.2)
    - MLImage (= 1.0.0-beta6)
    - MLKitCommon (~> 12.0)
  - nanopb (3.30910.0):
    - nanopb/decode (= 3.30910.0)
    - nanopb/encode (= 3.30910.0)
  - nanopb/decode (3.30910.0)
  - nanopb/encode (3.30910.0)
  - path_provider_foundation (0.0.1):
    - Flutter
    - FlutterMacOS
  - permission_handler_apple (9.1.1):
    - Flutter
  - PromisesObjC (2.4.0)
  - share_plus (0.0.1):
    - Flutter
  - shared_preferences_foundation (0.0.1):
    - Flutter
    - FlutterMacOS
  - SSZipArchive (2.6.0)
  - workmanager (0.0.1):
    - Flutter

DEPENDENCIES:
  - firebase_core (from `/Users/xinwang/.pub-cache/hosted/pub.dev/firebase_core-4.2.1/ios`)
  - firebase_messaging (from `/Users/xinwang/.pub-cache/hosted/pub.dev/firebase_messaging-16.0.4/ios`)
  - flutter_local_notifications (from `/Users/xinwang/.pub-cache/hosted/pub.dev/flutter_local_notifications-15.1.3/ios`)
  - geocoding_ios (from `/Users/xinwang/.pub-cache/hosted/pub.dev/geocoding_ios-2.3.0/ios`)
  - geolocator_apple (from `/Users/xinwang/.pub-cache/hosted/pub.dev/geolocator_apple-2.3.9/ios`)
  - google_maps_flutter_ios (from `/Users/xinwang/.pub-cache/hosted/pub.dev/google_maps_flutter_ios-2.3.6/ios`)
  - google_mlkit_commons (from `/Users/xinwang/.pub-cache/hosted/pub.dev/google_mlkit_commons-0.11.0/ios`)
  - google_mlkit_translation (from `/Users/xinwang/.pub-cache/hosted/pub.dev/google_mlkit_translation-0.13.0/ios`)
  - integration_test (from `/Users/xinwang/developer/flutter/packages/integration_test/ios`)
  - path_provider_foundation (from `/Users/xinwang/.pub-cache/hosted/pub.dev/path_provider_foundation-2.4.3/darwin`)
  - permission_handler_apple (from `/Users/xinwang/.pub-cache/hosted/pub.dev/permission_handler_apple-9.1.4/ios`)
  - share_plus (from `/Users/xinwang/.pub-cache/hosted/pub.dev/share_plus-10.1.4/ios`)
  - shared_preferences_foundation (from `/Users/xinwang/.pub-cache/hosted/pub.dev/shared_preferences_foundation-2.3.5/darwin`)
  - workmanager (from `/Users/xinwang/.pub-cache/hosted/pub.dev/workmanager-0.5.1/ios`)

SPEC REPOS:
  trunk:
    - Firebase
    - FirebaseCore
    - FirebaseCoreInternal
    - FirebaseInstallations
    - FirebaseMessaging
    - Flutter
    - GoogleDataTransport
    - GoogleMaps
    - GoogleMLKit
    - GoogleToolboxForMac
    - GoogleUtilities
    - GTMSessionFetcher
    - MLImage
    - MLKitCommon
    - MLKitNaturalLanguage
    - MLKitTranslate
    - MLKitVision
    - nanopb
    - PromisesObjC
    - SSZipArchive

EXTERNAL SOURCES:
  firebase_core:
    :path: "/Users/xinwang/.pub-cache/hosted/pub.dev/firebase_core-4.2.1/ios"
  firebase_messaging:
    :path: "/Users/xinwang/.pub-cache/hosted/pub.dev/firebase_messaging-16.0.4/ios"
  flutter_local_notifications:
    :path: "/Users/xinwang/.pub-cache/hosted/pub.dev/flutter_local_notifications-15.1.3/ios"
  geocoding_ios:
    :path: "/Users/xinwang/.pub-cache/hosted/pub.dev/geocoding_ios-2.3.0/ios"
  geolocator_apple:
    :path: "/Users/xinwang/.pub-cache/hosted/pub.dev/geolocator_apple-2.3.9/ios"
  google_maps_flutter_ios:
    :path: "/Users/xinwang/.pub-cache/hosted/pub.dev/google_maps_flutter_ios-2.3.6/ios"
  google_mlkit_commons:
    :path: "/Users/xinwang/.pub-cache/hosted/pub.dev/google_mlkit_commons-0.11.0/ios"
  google_mlkit_translation:
    :path: "/Users/xinwang/.pub-cache/hosted/pub.dev/google_mlkit_translation-0.13.0/ios"
  integration_test:
    :path: "/Users/xinwang/developer/flutter/packages/integration_test/ios"
  path_provider_foundation:
    :path: "/Users/xinwang/.pub-cache/hosted/pub.dev/path_provider_foundation-2.4.3/darwin"
  permission_handler_apple:
    :path: "/Users/xinwang/.pub-cache/hosted/pub.dev/permission_handler_apple-9.1.4/ios"
  share_plus:
    :path: "/Users/xinwang/.pub-cache/hosted/pub.dev/share_plus-10.1.4/ios"
  shared_preferences_foundation:
    :path: "/Users/xinwang/.pub-cache/hosted/pub.dev/shared_preferences_foundation-2.3.5/darwin"
  workmanager:
    :path: "/Users/xinwang/.pub-cache/hosted/pub.dev/workmanager-0.5.1/ios"

SPEC CHECKSUMS:
  Firebase: 7a56fe4f56b5ab81b86a6822f5b8f909ae6fc7e2
  firebase_core: c9a39c159eeb1fdafb9593b08d741b6016d3ec21
  firebase_messaging: 64470a9577710da53336df4ab461a830ae6019d0
  FirebaseCore: 93abc05437f8064cd2bc0a53b768fb0bc5a1d006
  FirebaseCoreInternal: f47dd28ae7782e6a4738aad3106071a8fe0af604
  FirebaseInstallations: d8063d302a426d114ac531cd82b1e335a0565745
  FirebaseMessaging: 9f4e42053241bd45ce8565c881bfdd9c1df2f7da
  Flutter: 8ff16720b007bae16abfe75ef9fe3ee45ead486a
  flutter_local_notifications: ef18f0537538fcd18e9106b3ddc91cc10b4e579a
  geocoding_ios: 86f1c479822f07a2f79f7094f2b753d1e9e20215
  geolocator_apple: 1560c3c875af2a412242c7a923e15d0d401966ff
  google_maps_flutter_ios: 857ed2745299c183d5cc91b3282606a403d5a179
  google_mlkit_commons: 2abe6a70e1824e431d16a51085cb475b672c8aab
  google_mlkit_translation: 0af4cf99ea8459b5864e4c89e36a7c45a1300ef6
  GoogleDataTransport: aae35b7ea0c09004c3797d53c8c41f66f219d6a7
  GoogleMaps: 8939898920281c649150e0af74aa291c60f2e77d
  GoogleMLKit: eff9e23ec1d90ea4157a1ee2e32a4f610c5b3318
  GoogleToolboxForMac: d1a2cbf009c453f4d6ded37c105e2f67a32206d8
  GoogleUtilities: 00c88b9a86066ef77f0da2fab05f65d7768ed8e1
  GTMSessionFetcher: 5aea5ba6bd522a239e236100971f10cb71b96ab6
  integration_test: 4a889634ef21a45d28d50d622cf412dc6d9f586e
  MLImage: 0ad1c5f50edd027672d8b26b0fee78a8b4a0fc56
  MLKitCommon: 07c2c33ae5640e5380beaaa6e4b9c249a205542d
  MLKitNaturalLanguage: 1faece38017b0cf8eb49ac69cff10cb419f68c01
  MLKitTranslate: 2082cce437292f2f7477bfef02022ef69d8e77aa
  MLKitVision: 45e79d68845a2de77e2dd4d7f07947f0ed157b0e
  nanopb: fad817b59e0457d11a5dfbde799381cd727c1275
  path_provider_foundation: bb55f6dbba17d0dccd6737fe6f7f34fbd0376880
  permission_handler_apple: 3787117e48f80715ff04a3830ca039283d6a4f29
  PromisesObjC: f5707f49cb48b9636751c5b2e7d227e43fba9f47
  share_plus: 50da8cb520a8f0f65671c6c6a99b3617ed10a58a
  shared_preferences_foundation: 0b09b969fb36da5551c0bc4a2dbd9d0ff9387478
  SSZipArchive: 8a6ee5677c8e304bebc109e39cf0da91ccef22ea
  workmanager: 01be2de7f184bd15de93a1812936a2b7f42ef07e

PODFILE CHECKSUM: b37b553be4c360e47287659a280b4adbc397bd03

COCOAPODS: 1.16.2
